
Microsoft Visual Studio Solution File, Format Version 12.00
# Visual Studio Version 17
VisualStudioVersion = 17.9.34728.123
MinimumVisualStudioVersion = 10.0.40219.1
Project("{FAE04EC0-301F-11D3-BF4B-00C04F79EFBC}") = "VerificationProvider", "VerificationProvider.csproj", "{80EB0AD5-3182-43A1-A156-E7524A09BC03}"
EndProject
Global
	GlobalSection(SolutionConfigurationPlatforms) = preSolution
		Debug|Any CPU = Debug|Any CPU
		Release|Any CPU = Release|Any CPU
	EndGlobalSection
	GlobalSection(ProjectConfigurationPlatforms) = postSolution
		{80EB0AD5-3182-43A1-A156-E7524A09BC03}.Debug|Any CPU.ActiveCfg = Debug|Any CPU
		{80EB0AD5-3182-43A1-A156-E7524A09BC03}.Debug|Any CPU.Build.0 = Debug|Any CPU
		{80EB0AD5-3182-43A1-A156-E7524A09BC03}.Release|Any CPU.ActiveCfg = Release|Any CPU
		{80EB0AD5-3182-43A1-A156-E7524A09BC03}.Release|Any CPU.Build.0 = Release|Any CPU
	EndGlobalSection
	GlobalSection(SolutionProperties) = preSolution
		HideSolutionNode = FALSE
	EndGlobalSection
	GlobalSection(ExtensibilityGlobals) = postSolution
		SolutionGuid = {29B8BBD5-7872-4559-A7E2-8778C9288A48}
	EndGlobalSection
EndGlobal
